
Microsoft Visual Studio Solution File, Format Version 12.00
# Visual Studio Version 17
VisualStudioVersion = 17.10.35122.118
MinimumVisualStudioVersion = 10.0.40219.1
Project("{FAE04EC0-301F-11D3-BF4B-00C04F79EFBC}") = "DowjonesAPI", "DowjonesAPI\DowjonesAPI.csproj", "{9E228AE7-A7C0-42B4-9474-9F1B82F17E4C}"
EndProject
Global
	GlobalSection(SolutionConfigurationPlatforms) = preSolution
		Debug|Any CPU = Debug|Any CPU
		Release|Any CPU = Release|Any CPU
	EndGlobalSection
	GlobalSection(ProjectConfigurationPlatforms) = postSolution
		{9E228AE7-A7C0-42B4-9474-9F1B82F17E4C}.Debug|Any CPU.ActiveCfg = Debug|Any CPU
		{9E228AE7-A7C0-42B4-9474-9F1B82F17E4C}.Debug|Any CPU.Build.0 = Debug|Any CPU
		{9E228AE7-A7C0-42B4-9474-9F1B82F17E4C}.Release|Any CPU.ActiveCfg = Release|Any CPU
		{9E228AE7-A7C0-42B4-9474-9F1B82F17E4C}.Release|Any CPU.Build.0 = Release|Any CPU
	EndGlobalSection
	GlobalSection(SolutionProperties) = preSolution
		HideSolutionNode = FALSE
	EndGlobalSection
	GlobalSection(ExtensibilityGlobals) = postSolution
		SolutionGuid = {444AE567-C82C-4562-81A7-6BBEFA115001}
	EndGlobalSection
EndGlobal
